// !$*UTF8*$!
{
	archiveVersion = 1;
	classes = {
	};
	objectVersion = 56;
	objects = {

/* Begin PBXBuildFile section */
		3D2F7F7D2D4F77F700FEE3E3 /* Assets.xcassets in Resources */ = {isa = PBXBuildFile; fileRef = 3D2F7F7C2D4F77F700FEE3E3 /* Assets.xcassets */; };
		3D2F7F802D4F77F700FEE3E3 /* Preview Assets.xcassets in Resources */ = {isa = PBXBuildFile; fileRef = 3D2F7F7F2D4F77F700FEE3E3 /* Preview Assets.xcassets */; };
		3D2F7F8A2D4F782000FEE3E3 /* YOLO.swift in Sources */ = {isa = PBXBuildFile; fileRef = 3D2F7F892D4F782000FEE3E3 /* YOLO.swift */; };
		3D2F7F8C2D4F783900FEE3E3 /* CameraView.swift in Sources */ = {isa = PBXBuildFile; fileRef = 3D2F7F8B2D4F783900FEE3E3 /* CameraView.swift */; };
		3D2F7F8E2D4F784F00FEE3E3 /* PredictionView.swift in Sources */ = {isa = PBXBuildFile; fileRef = 3D2F7F8D2D4F784F00FEE3E3 /* PredictionView.swift */; };
		3D2F7F902D4F788600FEE3E3 /* GuessView.swift in Sources */ = {isa = PBXBuildFile; fileRef = 3D2F7F8F2D4F788600FEE3E3 /* GuessView.swift */; };
		3D2F7F992D4F813F00FEE3E3 /* card_detector.mlpackage in Sources */ = {isa = PBXBuildFile; fileRef = 3D2F7F982D4F813F00FEE3E3 /* card_detector.mlpackage */; };
		3D2F7FA42D4F8C9400FEE3E3 /* TCP_ScannerApp.swift in Sources */ = {isa = PBXBuildFile; fileRef = 3D2F7FA32D4F8C9400FEE3E3 /* TCP_ScannerApp.swift */; };
		3D2F7FA82D4F8CE300FEE3E3 /* LaunchScreenView.swift in Sources */ = {isa = PBXBuildFile; fileRef = 3D2F7FA72D4F8CE300FEE3E3 /* LaunchScreenView.swift */; };
		3D2F7FAC2D4FA89500FEE3E3 /* TabBarView.swift in Sources */ = {isa = PBXBuildFile; fileRef = 3D2F7FAB2D4FA89500FEE3E3 /* TabBarView.swift */; };
		3D2F7FAE2D4FA8D700FEE3E3 /* HomeView.swift in Sources */ = {isa = PBXBuildFile; fileRef = 3D2F7FAD2D4FA8D700FEE3E3 /* HomeView.swift */; };
		3D2F7FB02D4FA8E500FEE3E3 /* SettingsView.swift in Sources */ = {isa = PBXBuildFile; fileRef = 3D2F7FAF2D4FA8E500FEE3E3 /* SettingsView.swift */; };
		3D2F7FB22D4FA95E00FEE3E3 /* Info_custom.plist in Resources */ = {isa = PBXBuildFile; fileRef = 3D2F7FB12D4FA95E00FEE3E3 /* Info_custom.plist */; };
		3D2F7FB42D4FA9FD00FEE3E3 /* CameraContainerView.swift in Sources */ = {isa = PBXBuildFile; fileRef = 3D2F7FB32D4FA9FD00FEE3E3 /* CameraContainerView.swift */; };
/* End PBXBuildFile section */

/* Begin PBXFileReference section */
		3D2F7F752D4F77F600FEE3E3 /* tcg-scanner-app.app */ = {isa = PBXFileReference; explicitFileType = wrapper.application; includeInIndex = 0; path = "tcg-scanner-app.app"; sourceTree = BUILT_PRODUCTS_DIR; };
		3D2F7F7C2D4F77F700FEE3E3 /* Assets.xcassets */ = {isa = PBXFileReference; lastKnownFileType = folder.assetcatalog; path = Assets.xcassets; sourceTree = "<group>"; };
		3D2F7F7F2D4F77F700FEE3E3 /* Preview Assets.xcassets */ = {isa = PBXFileReference; lastKnownFileType = folder.assetcatalog; path = "Preview Assets.xcassets"; sourceTree = "<group>"; };
		3D2F7F892D4F782000FEE3E3 /* YOLO.swift */ = {isa = PBXFileReference; lastKnownFileType = sourcecode.swift; path = YOLO.swift; sourceTree = "<group>"; };
		3D2F7F8B2D4F783900FEE3E3 /* CameraView.swift */ = {isa = PBXFileReference; lastKnownFileType = sourcecode.swift; path = CameraView.swift; sourceTree = "<group>"; };
		3D2F7F8D2D4F784F00FEE3E3 /* PredictionView.swift */ = {isa = PBXFileReference; lastKnownFileType = sourcecode.swift; path = PredictionView.swift; sourceTree = "<group>"; };
		3D2F7F8F2D4F788600FEE3E3 /* GuessView.swift */ = {isa = PBXFileReference; lastKnownFileType = sourcecode.swift; path = GuessView.swift; sourceTree = "<group>"; };
		3D2F7F982D4F813F00FEE3E3 /* card_detector.mlpackage */ = {isa = PBXFileReference; lastKnownFileType = folder.mlpackage; path = card_detector.mlpackage; sourceTree = "<group>"; };
		3D2F7FA32D4F8C9400FEE3E3 /* TCP_ScannerApp.swift */ = {isa = PBXFileReference; lastKnownFileType = sourcecode.swift; path = TCP_ScannerApp.swift; sourceTree = "<group>"; };
		3D2F7FA72D4F8CE300FEE3E3 /* LaunchScreenView.swift */ = {isa = PBXFileReference; lastKnownFileType = sourcecode.swift; path = LaunchScreenView.swift; sourceTree = "<group>"; };
		3D2F7FAB2D4FA89500FEE3E3 /* TabBarView.swift */ = {isa = PBXFileReference; lastKnownFileType = sourcecode.swift; path = TabBarView.swift; sourceTree = "<group>"; };
		3D2F7FAD2D4FA8D700FEE3E3 /* HomeView.swift */ = {isa = PBXFileReference; lastKnownFileType = sourcecode.swift; path = HomeView.swift; sourceTree = "<group>"; };
		3D2F7FAF2D4FA8E500FEE3E3 /* SettingsView.swift */ = {isa = PBXFileReference; lastKnownFileType = sourcecode.swift; path = SettingsView.swift; sourceTree = "<group>"; };
		3D2F7FB12D4FA95E00FEE3E3 /* Info_custom.plist */ = {isa = PBXFileReference; lastKnownFileType = text.plist.xml; path = Info_custom.plist; sourceTree = "<group>"; };
		3D2F7FB32D4FA9FD00FEE3E3 /* CameraContainerView.swift */ = {isa = PBXFileReference; lastKnownFileType = sourcecode.swift; path = CameraContainerView.swift; sourceTree = "<group>"; };
/* End PBXFileReference section */

/* Begin PBXFrameworksBuildPhase section */
		3D2F7F722D4F77F600FEE3E3 /* Frameworks */ = {
			isa = PBXFrameworksBuildPhase;
			buildActionMask = 2147483647;
			files = (
			);
			runOnlyForDeploymentPostprocessing = 0;
		};
/* End PBXFrameworksBuildPhase section */

/* Begin PBXGroup section */
		3D2F7F6C2D4F77F600FEE3E3 = {
			isa = PBXGroup;
			children = (
				3D2F7F772D4F77F600FEE3E3 /* tcg-scanner-app */,
				3D2F7F762D4F77F600FEE3E3 /* Products */,
			);
			sourceTree = "<group>";
		};
		3D2F7F762D4F77F600FEE3E3 /* Products */ = {
			isa = PBXGroup;
			children = (
				3D2F7F752D4F77F600FEE3E3 /* tcg-scanner-app.app */,
			);
			name = Products;
			sourceTree = "<group>";
		};
		3D2F7F772D4F77F600FEE3E3 /* tcg-scanner-app */ = {
			isa = PBXGroup;
			children = (
				3D2F7F882D4F780F00FEE3E3 /* Views */,
				3D2F7F872D4F780500FEE3E3 /* Models */,
				3D2F7F862D4F77FD00FEE3E3 /* Utilities */,
				3D2F7F7C2D4F77F700FEE3E3 /* Assets.xcassets */,
				3D2F7F7E2D4F77F700FEE3E3 /* Preview Content */,
				3D2F7FA32D4F8C9400FEE3E3 /* TCP_ScannerApp.swift */,
				3D2F7FA72D4F8CE300FEE3E3 /* LaunchScreenView.swift */,
				3D2F7FB12D4FA95E00FEE3E3 /* Info_custom.plist */,
			);
			path = "tcg-scanner-app";
			sourceTree = "<group>";
		};
		3D2F7F7E2D4F77F700FEE3E3 /* Preview Content */ = {
			isa = PBXGroup;
			children = (
				3D2F7F7F2D4F77F700FEE3E3 /* Preview Assets.xcassets */,
			);
			path = "Preview Content";
			sourceTree = "<group>";
		};
		3D2F7F862D4F77FD00FEE3E3 /* Utilities */ = {
			isa = PBXGroup;
			children = (
				3D2F7F892D4F782000FEE3E3 /* YOLO.swift */,
			);
			path = Utilities;
			sourceTree = "<group>";
		};
		3D2F7F872D4F780500FEE3E3 /* Models */ = {
			isa = PBXGroup;
			children = (
				3D2F7F982D4F813F00FEE3E3 /* card_detector.mlpackage */,
			);
			path = Models;
			sourceTree = "<group>";
		};
		3D2F7F882D4F780F00FEE3E3 /* Views */ = {
			isa = PBXGroup;
			children = (
				3D2F7F8B2D4F783900FEE3E3 /* CameraView.swift */,
				3D2F7F8D2D4F784F00FEE3E3 /* PredictionView.swift */,
				3D2F7F8F2D4F788600FEE3E3 /* GuessView.swift */,
				3D2F7FAB2D4FA89500FEE3E3 /* TabBarView.swift */,
				3D2F7FAD2D4FA8D700FEE3E3 /* HomeView.swift */,
				3D2F7FAF2D4FA8E500FEE3E3 /* SettingsView.swift */,
				3D2F7FB32D4FA9FD00FEE3E3 /* CameraContainerView.swift */,
			);
			path = Views;
			sourceTree = "<group>";
		};
/* End PBXGroup section */

/* Begin PBXNativeTarget section */
		3D2F7F742D4F77F600FEE3E3 /* tcg-scanner-app */ = {
			isa = PBXNativeTarget;
			buildConfigurationList = 3D2F7F832D4F77F700FEE3E3 /* Build configuration list for PBXNativeTarget "tcg-scanner-app" */;
			buildPhases = (
				3D2F7F712D4F77F600FEE3E3 /* Sources */,
				3D2F7F722D4F77F600FEE3E3 /* Frameworks */,
				3D2F7F732D4F77F600FEE3E3 /* Resources */,
			);
			buildRules = (
			);
			dependencies = (
			);
			name = "tcg-scanner-app";
			productName = "tcg-scanner-app";
			productReference = 3D2F7F752D4F77F600FEE3E3 /* tcg-scanner-app.app */;
			productType = "com.apple.product-type.application";
		};
/* End PBXNativeTarget section */

/* Begin PBXProject section */
		3D2F7F6D2D4F77F600FEE3E3 /* Project object */ = {
			isa = PBXProject;
			attributes = {
				BuildIndependentTargetsInParallel = 1;
				LastSwiftUpdateCheck = 1530;
				LastUpgradeCheck = 1530;
				ORGANIZATIONNAME = net.lwenstrom;
				TargetAttributes = {
					3D2F7F742D4F77F600FEE3E3 = {
						CreatedOnToolsVersion = 15.3;
					};
				};
			};
			buildConfigurationList = 3D2F7F702D4F77F600FEE3E3 /* Build configuration list for PBXProject "tcg-scanner-app" */;
			compatibilityVersion = "Xcode 14.0";
			developmentRegion = en;
			hasScannedForEncodings = 0;
			knownRegions = (
				en,
				Base,
			);
			mainGroup = 3D2F7F6C2D4F77F600FEE3E3;
			productRefGroup = 3D2F7F762D4F77F600FEE3E3 /* Products */;
			projectDirPath = "";
			projectRoot = "";
			targets = (
				3D2F7F742D4F77F600FEE3E3 /* tcg-scanner-app */,
			);
		};
/* End PBXProject section */

/* Begin PBXResourcesBuildPhase section */
		3D2F7F732D4F77F600FEE3E3 /* Resources */ = {
			isa = PBXResourcesBuildPhase;
			buildActionMask = 2147483647;
			files = (
				3D2F7F802D4F77F700FEE3E3 /* Preview Assets.xcassets in Resources */,
				3D2F7F7D2D4F77F700FEE3E3 /* Assets.xcassets in Resources */,
				3D2F7FB22D4FA95E00FEE3E3 /* Info_custom.plist in Resources */,
			);
			runOnlyForDeploymentPostprocessing = 0;
		};
/* End PBXResourcesBuildPhase section */

/* Begin PBXSourcesBuildPhase section */
		3D2F7F712D4F77F600FEE3E3 /* Sources */ = {
			isa = PBXSourcesBuildPhase;
			buildActionMask = 2147483647;
			files = (
				3D2F7F8E2D4F784F00FEE3E3 /* PredictionView.swift in Sources */,
				3D2F7FAC2D4FA89500FEE3E3 /* TabBarView.swift in Sources */,
				3D2F7FA42D4F8C9400FEE3E3 /* TCP_ScannerApp.swift in Sources */,
				3D2F7FB42D4FA9FD00FEE3E3 /* CameraContainerView.swift in Sources */,
				3D2F7FAE2D4FA8D700FEE3E3 /* HomeView.swift in Sources */,
				3D2F7F992D4F813F00FEE3E3 /* card_detector.mlpackage in Sources */,
				3D2F7F902D4F788600FEE3E3 /* GuessView.swift in Sources */,
				3D2F7F8A2D4F782000FEE3E3 /* YOLO.swift in Sources */,
				3D2F7F8C2D4F783900FEE3E3 /* CameraView.swift in Sources */,
				3D2F7FA82D4F8CE300FEE3E3 /* LaunchScreenView.swift in Sources */,
				3D2F7FB02D4FA8E500FEE3E3 /* SettingsView.swift in Sources */,
			);
			runOnlyForDeploymentPostprocessing = 0;
		};
/* End PBXSourcesBuildPhase section */

/* Begin XCBuildConfiguration section */
		3D2F7F812D4F77F700FEE3E3 /* Debug */ = {
			isa = XCBuildConfiguration;
			buildSettings = {
				ALWAYS_SEARCH_USER_PATHS = NO;
				ASSETCATALOG_COMPILER_GENERATE_SWIFT_ASSET_SYMBOL_EXTENSIONS = YES;
				CLANG_ANALYZER_NONNULL = YES;
				CLANG_ANALYZER_NUMBER_OBJECT_CONVERSION = YES_AGGRESSIVE;
				CLANG_CXX_LANGUAGE_STANDARD = "gnu++20";
				CLANG_ENABLE_MODULES = YES;
				CLANG_ENABLE_OBJC_ARC = YES;
				CLANG_ENABLE_OBJC_WEAK = YES;
				CLANG_WARN_BLOCK_CAPTURE_AUTORELEASING = YES;
				CLANG_WARN_BOOL_CONVERSION = YES;
				CLANG_WARN_COMMA = YES;
				CLANG_WARN_CONSTANT_CONVERSION = YES;
				CLANG_WARN_DEPRECATED_OBJC_IMPLEMENTATIONS = YES;
				CLANG_WARN_DIRECT_OBJC_ISA_USAGE = YES_ERROR;
				CLANG_WARN_DOCUMENTATION_COMMENTS = YES;
				CLANG_WARN_EMPTY_BODY = YES;
				CLANG_WARN_ENUM_CONVERSION = YES;
				CLANG_WARN_INFINITE_RECURSION = YES;
				CLANG_WARN_INT_CONVERSION = YES;
				CLANG_WARN_NON_LITERAL_NULL_CONVERSION = YES;
				CLANG_WARN_OBJC_IMPLICIT_RETAIN_SELF = YES;
				CLANG_WARN_OBJC_LITERAL_CONVERSION = YES;
				CLANG_WARN_OBJC_ROOT_CLASS = YES_ERROR;
				CLANG_WARN_QUOTED_INCLUDE_IN_FRAMEWORK_HEADER = YES;
				CLANG_WARN_RANGE_LOOP_ANALYSIS = YES;
				CLANG_WARN_STRICT_PROTOTYPES = YES;
				CLANG_WARN_SUSPICIOUS_MOVE = YES;
				CLANG_WARN_UNGUARDED_AVAILABILITY = YES_AGGRESSIVE;
				CLANG_WARN_UNREACHABLE_CODE = YES;
				CLANG_WARN__DUPLICATE_METHOD_MATCH = YES;
				COPY_PHASE_STRIP = NO;
				DEBUG_INFORMATION_FORMAT = dwarf;
				ENABLE_STRICT_OBJC_MSGSEND = YES;
				ENABLE_TESTABILITY = YES;
				ENABLE_USER_SCRIPT_SANDBOXING = YES;
				GCC_C_LANGUAGE_STANDARD = gnu17;
				GCC_DYNAMIC_NO_PIC = NO;
				GCC_NO_COMMON_BLOCKS = YES;
				GCC_OPTIMIZATION_LEVEL = 0;
				GCC_PREPROCESSOR_DEFINITIONS = (
					"DEBUG=1",
					"$(inherited)",
				);
				GCC_WARN_64_TO_32_BIT_CONVERSION = YES;
				GCC_WARN_ABOUT_RETURN_TYPE = YES_ERROR;
				GCC_WARN_UNDECLARED_SELECTOR = YES;
				GCC_WARN_UNINITIALIZED_AUTOS = YES_AGGRESSIVE;
				GCC_WARN_UNUSED_FUNCTION = YES;
				GCC_WARN_UNUSED_VARIABLE = YES;
				IPHONEOS_DEPLOYMENT_TARGET = 17.4;
				LOCALIZATION_PREFERS_STRING_CATALOGS = YES;
				MTL_ENABLE_DEBUG_INFO = INCLUDE_SOURCE;
				MTL_FAST_MATH = YES;
				ONLY_ACTIVE_ARCH = YES;
				SDKROOT = iphoneos;
				SWIFT_ACTIVE_COMPILATION_CONDITIONS = "DEBUG $(inherited)";
				SWIFT_OPTIMIZATION_LEVEL = "-Onone";
			};
			name = Debug;
		};
		3D2F7F822D4F77F700FEE3E3 /* Release */ = {
			isa = XCBuildConfiguration;
			buildSettings = {
				ALWAYS_SEARCH_USER_PATHS = NO;
				ASSETCATALOG_COMPILER_GENERATE_SWIFT_ASSET_SYMBOL_EXTENSIONS = YES;
				CLANG_ANALYZER_NONNULL = YES;
				CLANG_ANALYZER_NUMBER_OBJECT_CONVERSION = YES_AGGRESSIVE;
				CLANG_CXX_LANGUAGE_STANDARD = "gnu++20";
				CLANG_ENABLE_MODULES = YES;
				CLANG_ENABLE_OBJC_ARC = YES;
				CLANG_ENABLE_OBJC_WEAK = YES;
				CLANG_WARN_BLOCK_CAPTURE_AUTORELEASING = YES;
				CLANG_WARN_BOOL_CONVERSION = YES;
				CLANG_WARN_COMMA = YES;
				CLANG_WARN_CONSTANT_CONVERSION = YES;
				CLANG_WARN_DEPRECATED_OBJC_IMPLEMENTATIONS = YES;
				CLANG_WARN_DIRECT_OBJC_ISA_USAGE = YES_ERROR;
				CLANG_WARN_DOCUMENTATION_COMMENTS = YES;
				CLANG_WARN_EMPTY_BODY = YES;
				CLANG_WARN_ENUM_CONVERSION = YES;
				CLANG_WARN_INFINITE_RECURSION = YES;
				CLANG_WARN_INT_CONVERSION = YES;
				CLANG_WARN_NON_LITERAL_NULL_CONVERSION = YES;
				CLANG_WARN_OBJC_IMPLICIT_RETAIN_SELF = YES;
				CLANG_WARN_OBJC_LITERAL_CONVERSION = YES;
				CLANG_WARN_OBJC_ROOT_CLASS = YES_ERROR;
				CLANG_WARN_QUOTED_INCLUDE_IN_FRAMEWORK_HEADER = YES;
				CLANG_WARN_RANGE_LOOP_ANALYSIS = YES;
				CLANG_WARN_STRICT_PROTOTYPES = YES;
				CLANG_WARN_SUSPICIOUS_MOVE = YES;
				CLANG_WARN_UNGUARDED_AVAILABILITY = YES_AGGRESSIVE;
				CLANG_WARN_UNREACHABLE_CODE = YES;
				CLANG_WARN__DUPLICATE_METHOD_MATCH = YES;
				COPY_PHASE_STRIP = NO;
				DEBUG_INFORMATION_FORMAT = "dwarf-with-dsym";
				ENABLE_NS_ASSERTIONS = NO;
				ENABLE_STRICT_OBJC_MSGSEND = YES;
				ENABLE_USER_SCRIPT_SANDBOXING = YES;
				GCC_C_LANGUAGE_STANDARD = gnu17;
				GCC_NO_COMMON_BLOCKS = YES;
				GCC_WARN_64_TO_32_BIT_CONVERSION = YES;
				GCC_WARN_ABOUT_RETURN_TYPE = YES_ERROR;
				GCC_WARN_UNDECLARED_SELECTOR = YES;
				GCC_WARN_UNINITIALIZED_AUTOS = YES_AGGRESSIVE;
				GCC_WARN_UNUSED_FUNCTION = YES;
				GCC_WARN_UNUSED_VARIABLE = YES;
				IPHONEOS_DEPLOYMENT_TARGET = 17.4;
				LOCALIZATION_PREFERS_STRING_CATALOGS = YES;
				MTL_ENABLE_DEBUG_INFO = NO;
				MTL_FAST_MATH = YES;
				SDKROOT = iphoneos;
				SWIFT_COMPILATION_MODE = wholemodule;
				VALIDATE_PRODUCT = YES;
			};
			name = Release;
		};
		3D2F7F842D4F77F700FEE3E3 /* Debug */ = {
			isa = XCBuildConfiguration;
			buildSettings = {
				ASSETCATALOG_COMPILER_APPICON_NAME = AppIcon;
				ASSETCATALOG_COMPILER_GLOBAL_ACCENT_COLOR_NAME = AccentColor;
				CODE_SIGN_STYLE = Automatic;
				CURRENT_PROJECT_VERSION = 1;
				DEVELOPMENT_ASSET_PATHS = "\"tcg-scanner-app/Preview Content\"";
				DEVELOPMENT_TEAM = M967CQ6V5K;
				ENABLE_PREVIEWS = YES;
				GENERATE_INFOPLIST_FILE = NO;
				INFOPLIST_FILE = "tcg-scanner-app/Info_custom.plist";
				INFOPLIST_KEY_LSApplicationCategoryType = "";
				INFOPLIST_KEY_NSCameraUsageDescription = "Need camera access for real-time detection";
				INFOPLIST_KEY_UIApplicationSceneManifest_Generation = YES;
				INFOPLIST_KEY_UIApplicationSupportsIndirectInputEvents = YES;
				INFOPLIST_KEY_UILaunchStoryboardName = LaunchScreen;
				INFOPLIST_KEY_UIRequiredDeviceCapabilities = arm64;
				INFOPLIST_KEY_UIStatusBarStyle = "";
				INFOPLIST_KEY_UISupportedInterfaceOrientations_iPad = "UIInterfaceOrientationPortrait UIInterfaceOrientationPortraitUpsideDown UIInterfaceOrientationLandscapeLeft UIInterfaceOrientationLandscapeRight";
				INFOPLIST_KEY_UISupportedInterfaceOrientations_iPhone = "UIInterfaceOrientationPortrait UIInterfaceOrientationLandscapeLeft UIInterfaceOrientationLandscapeRight";
				LD_RUNPATH_SEARCH_PATHS = (
					"$(inherited)",
					"@executable_path/Frameworks",
				);
				MARKETING_VERSION = 1.0;
				PRODUCT_BUNDLE_IDENTIFIER = "net.lwenstrom.tcg-scanner-app";
				PRODUCT_NAME = "$(TARGET_NAME)";
				SWIFT_EMIT_LOC_STRINGS = YES;
				SWIFT_VERSION = 5.0;
				TARGETED_DEVICE_FAMILY = "1,2";
			};
			name = Debug;
		};
		3D2F7F852D4F77F700FEE3E3 /* Release */ = {
			isa = XCBuildConfiguration;
			buildSettings = {
				ASSETCATALOG_COMPILER_APPICON_NAME = AppIcon;
				ASSETCATALOG_COMPILER_GLOBAL_ACCENT_COLOR_NAME = AccentColor;
				CODE_SIGN_STYLE = Automatic;
				CURRENT_PROJECT_VERSION = 1;
				DEVELOPMENT_ASSET_PATHS = "\"tcg-scanner-app/Preview Content\"";
				DEVELOPMENT_TEAM = M967CQ6V5K;
				ENABLE_PREVIEWS = YES;
				GENERATE_INFOPLIST_FILE = NO;
				INFOPLIST_FILE = "tcg-scanner-app/Info_custom.plist";
				INFOPLIST_KEY_LSApplicationCategoryType = "";
				INFOPLIST_KEY_NSCameraUsageDescription = "Need camera access for real-time detection";
				INFOPLIST_KEY_UIApplicationSceneManifest_Generation = YES;
				INFOPLIST_KEY_UIApplicationSupportsIndirectInputEvents = YES;
				INFOPLIST_KEY_UILaunchStoryboardName = LaunchScreen;
				INFOPLIST_KEY_UIRequiredDeviceCapabilities = arm64;
				INFOPLIST_KEY_UIStatusBarStyle = "";
				INFOPLIST_KEY_UISupportedInterfaceOrientations_iPad = "UIInterfaceOrientationPortrait UIInterfaceOrientationPortraitUpsideDown UIInterfaceOrientationLandscapeLeft UIInterfaceOrientationLandscapeRight";
				INFOPLIST_KEY_UISupportedInterfaceOrientations_iPhone = "UIInterfaceOrientationPortrait UIInterfaceOrientationLandscapeLeft UIInterfaceOrientationLandscapeRight";
				LD_RUNPATH_SEARCH_PATHS = (
					"$(inherited)",
					"@executable_path/Frameworks",
				);
				MARKETING_VERSION = 1.0;
				PRODUCT_BUNDLE_IDENTIFIER = "net.lwenstrom.tcg-scanner-app";
				PRODUCT_NAME = "$(TARGET_NAME)";
				SWIFT_EMIT_LOC_STRINGS = YES;
				SWIFT_VERSION = 5.0;
				TARGETED_DEVICE_FAMILY = "1,2";
			};
			name = Release;
		};
/* End XCBuildConfiguration section */

/* Begin XCConfigurationList section */
		3D2F7F702D4F77F600FEE3E3 /* Build configuration list for PBXProject "tcg-scanner-app" */ = {
			isa = XCConfigurationList;
			buildConfigurations = (
				3D2F7F812D4F77F700FEE3E3 /* Debug */,
				3D2F7F822D4F77F700FEE3E3 /* Release */,
			);
			defaultConfigurationIsVisible = 0;
			defaultConfigurationName = Release;
		};
		3D2F7F832D4F77F700FEE3E3 /* Build configuration list for PBXNativeTarget "tcg-scanner-app" */ = {
			isa = XCConfigurationList;
			buildConfigurations = (
				3D2F7F842D4F77F700FEE3E3 /* Debug */,
				3D2F7F852D4F77F700FEE3E3 /* Release */,
			);
			defaultConfigurationIsVisible = 0;
			defaultConfigurationName = Release;
		};
/* End XCConfigurationList section */
	};
	rootObject = 3D2F7F6D2D4F77F600FEE3E3 /* Project object */;
}
